
Microsoft Visual Studio Solution File, Format Version 12.00
# Visual Studio Version 16
VisualStudioVersion = 16.0.28407.52
MinimumVisualStudioVersion = 10.0.40219.1
Project("{FAE04EC0-301F-11D3-BF4B-00C04F79EFBC}") = "Xamarin.UWP", "Xamarin\Xamarin.UWP\Xamarin.UWP.csproj", "{77D6CE9A-4B12-46BE-8561-72E62BA4C6BB}"
EndProject
Project("{FAE04EC0-301F-11D3-BF4B-00C04F79EFBC}") = "Xamarin.Android", "Xamarin\Xamarin.Android\Xamarin.Android.csproj", "{1E53C8FE-A858-443E-979A-79F1F5B2CE12}"
EndProject
Project("{FAE04EC0-301F-11D3-BF4B-00C04F79EFBC}") = "Xamarin.iOS", "Xamarin\Xamarin.iOS\Xamarin.iOS.csproj", "{ADC1C573-5C5A-4E9F-8B76-F2F71F40BCA2}"
EndProject
Project("{FAE04EC0-301F-11D3-BF4B-00C04F79EFBC}") = "Xamarin", "Xamarin\Xamarin\Xamarin.csproj", "{190E4F44-59CF-4FFE-B471-9A8711B5AE4F}"
EndProject
Global
	GlobalSection(SolutionConfigurationPlatforms) = preSolution
		Ad-Hoc|Any CPU = Ad-Hoc|Any CPU
		Ad-Hoc|ARM = Ad-Hoc|ARM
		Ad-Hoc|iPhone = Ad-Hoc|iPhone
		Ad-Hoc|iPhoneSimulator = Ad-Hoc|iPhoneSimulator
		Ad-Hoc|x64 = Ad-Hoc|x64
		Ad-Hoc|x86 = Ad-Hoc|x86
		AppStore|Any CPU = AppStore|Any CPU
		AppStore|ARM = AppStore|ARM
		AppStore|iPhone = AppStore|iPhone
		AppStore|iPhoneSimulator = AppStore|iPhoneSimulator
		AppStore|x64 = AppStore|x64
		AppStore|x86 = AppStore|x86
		Debug|Any CPU = Debug|Any CPU
		Debug|ARM = Debug|ARM
		Debug|iPhone = Debug|iPhone
		Debug|iPhoneSimulator = Debug|iPhoneSimulator
		Debug|x64 = Debug|x64
		Debug|x86 = Debug|x86
		Release|Any CPU = Release|Any CPU
		Release|ARM = Release|ARM
		Release|iPhone = Release|iPhone
		Release|iPhoneSimulator = Release|iPhoneSimulator
		Release|x64 = Release|x64
		Release|x86 = Release|x86
	EndGlobalSection
	GlobalSection(ProjectConfigurationPlatforms) = postSolution
		{77D6CE9A-4B12-46BE-8561-72E62BA4C6BB}.Ad-Hoc|Any CPU.ActiveCfg = Release|x86
		{77D6CE9A-4B12-46BE-8561-72E62BA4C6BB}.Ad-Hoc|Any CPU.Build.0 = Release|x86
		{77D6CE9A-4B12-46BE-8561-72E62BA4C6BB}.Ad-Hoc|Any CPU.Deploy.0 = Release|x86
		{77D6CE9A-4B12-46BE-8561-72E62BA4C6BB}.Ad-Hoc|ARM.ActiveCfg = Release|ARM
		{77D6CE9A-4B12-46BE-8561-72E62BA4C6BB}.Ad-Hoc|ARM.Build.0 = Release|ARM
		{77D6CE9A-4B12-46BE-8561-72E62BA4C6BB}.Ad-Hoc|ARM.Deploy.0 = Release|ARM
		{77D6CE9A-4B12-46BE-8561-72E62BA4C6BB}.Ad-Hoc|iPhone.ActiveCfg = Release|x86
		{77D6CE9A-4B12-46BE-8561-72E62BA4C6BB}.Ad-Hoc|iPhone.Build.0 = Release|x86
		{77D6CE9A-4B12-46BE-8561-72E62BA4C6BB}.Ad-Hoc|iPhone.Deploy.0 = Release|x86
		{77D6CE9A-4B12-46BE-8561-72E62BA4C6BB}.Ad-Hoc|iPhoneSimulator.ActiveCfg = Release|x86
		{77D6CE9A-4B12-46BE-8561-72E62BA4C6BB}.Ad-Hoc|iPhoneSimulator.Build.0 = Release|x86
		{77D6CE9A-4B12-46BE-8561-72E62BA4C6BB}.Ad-Hoc|iPhoneSimulator.Deploy.0 = Release|x86
		{77D6CE9A-4B12-46BE-8561-72E62BA4C6BB}.Ad-Hoc|x64.ActiveCfg = Release|x64
		{77D6CE9A-4B12-46BE-8561-72E62BA4C6BB}.Ad-Hoc|x64.Build.0 = Release|x64
		{77D6CE9A-4B12-46BE-8561-72E62BA4C6BB}.Ad-Hoc|x64.Deploy.0 = Release|x64
		{77D6CE9A-4B12-46BE-8561-72E62BA4C6BB}.Ad-Hoc|x86.ActiveCfg = Release|x86
		{77D6CE9A-4B12-46BE-8561-72E62BA4C6BB}.Ad-Hoc|x86.Build.0 = Release|x86
		{77D6CE9A-4B12-46BE-8561-72E62BA4C6BB}.Ad-Hoc|x86.Deploy.0 = Release|x86
		{77D6CE9A-4B12-46BE-8561-72E62BA4C6BB}.AppStore|Any CPU.ActiveCfg = Release|x86
		{77D6CE9A-4B12-46BE-8561-72E62BA4C6BB}.AppStore|Any CPU.Build.0 = Release|x86
		{77D6CE9A-4B12-46BE-8561-72E62BA4C6BB}.AppStore|Any CPU.Deploy.0 = Release|x86
		{77D6CE9A-4B12-46BE-8561-72E62BA4C6BB}.AppStore|ARM.ActiveCfg = Release|ARM
		{77D6CE9A-4B12-46BE-8561-72E62BA4C6BB}.AppStore|ARM.Build.0 = Release|ARM
		{77D6CE9A-4B12-46BE-8561-72E62BA4C6BB}.AppStore|ARM.Deploy.0 = Release|ARM
		{77D6CE9A-4B12-46BE-8561-72E62BA4C6BB}.AppStore|iPhone.ActiveCfg = Release|x86
		{77D6CE9A-4B12-46BE-8561-72E62BA4C6BB}.AppStore|iPhone.Build.0 = Release|x86
		{77D6CE9A-4B12-46BE-8561-72E62BA4C6BB}.AppStore|iPhone.Deploy.0 = Release|x86
		{77D6CE9A-4B12-46BE-8561-72E62BA4C6BB}.AppStore|iPhoneSimulator.ActiveCfg = Release|x86
		{77D6CE9A-4B12-46BE-8561-72E62BA4C6BB}.AppStore|iPhoneSimulator.Build.0 = Release|x86
		{77D6CE9A-4B12-46BE-8561-72E62BA4C6BB}.AppStore|iPhoneSimulator.Deploy.0 = Release|x86
		{77D6CE9A-4B12-46BE-8561-72E62BA4C6BB}.AppStore|x64.ActiveCfg = Release|x64
		{77D6CE9A-4B12-46BE-8561-72E62BA4C6BB}.AppStore|x64.Build.0 = Release|x64
		{77D6CE9A-4B12-46BE-8561-72E62BA4C6BB}.AppStore|x64.Deploy.0 = Release|x64
		{77D6CE9A-4B12-46BE-8561-72E62BA4C6BB}.AppStore|x86.ActiveCfg = Release|x86
		{77D6CE9A-4B12-46BE-8561-72E62BA4C6BB}.AppStore|x86.Build.0 = Release|x86
		{77D6CE9A-4B12-46BE-8561-72E62BA4C6BB}.AppStore|x86.Deploy.0 = Release|x86
		{77D6CE9A-4B12-46BE-8561-72E62BA4C6BB}.Debug|Any CPU.ActiveCfg = Debug|x86
		{77D6CE9A-4B12-46BE-8561-72E62BA4C6BB}.Debug|Any CPU.Build.0 = Debug|x86
		{77D6CE9A-4B12-46BE-8561-72E62BA4C6BB}.Debug|Any CPU.Deploy.0 = Debug|x86
		{77D6CE9A-4B12-46BE-8561-72E62BA4C6BB}.Debug|ARM.ActiveCfg = Debug|ARM
		{77D6CE9A-4B12-46BE-8561-72E62BA4C6BB}.Debug|ARM.Build.0 = Debug|ARM
		{77D6CE9A-4B12-46BE-8561-72E62BA4C6BB}.Debug|ARM.Deploy.0 = Debug|ARM
		{77D6CE9A-4B12-46BE-8561-72E62BA4C6BB}.Debug|iPhone.ActiveCfg = Debug|x86
		{77D6CE9A-4B12-46BE-8561-72E62BA4C6BB}.Debug|iPhone.Build.0 = Debug|x86
		{77D6CE9A-4B12-46BE-8561-72E62BA4C6BB}.Debug|iPhone.Deploy.0 = Debug|x86
		{77D6CE9A-4B12-46BE-8561-72E62BA4C6BB}.Debug|iPhoneSimulator.ActiveCfg = Debug|x86
		{77D6CE9A-4B12-46BE-8561-72E62BA4C6BB}.Debug|iPhoneSimulator.Build.0 = Debug|x86
		{77D6CE9A-4B12-46BE-8561-72E62BA4C6BB}.Debug|iPhoneSimulator.Deploy.0 = Debug|x86
		{77D6CE9A-4B12-46BE-8561-72E62BA4C6BB}.Debug|x64.ActiveCfg = Debug|x64
		{77D6CE9A-4B12-46BE-8561-72E62BA4C6BB}.Debug|x64.Build.0 = Debug|x64
		{77D6CE9A-4B12-46BE-8561-72E62BA4C6BB}.Debug|x64.Deploy.0 = Debug|x64
		{77D6CE9A-4B12-46BE-8561-72E62BA4C6BB}.Debug|x86.ActiveCfg = Debug|x86
		{77D6CE9A-4B12-46BE-8561-72E62BA4C6BB}.Debug|x86.Build.0 = Debug|x86
		{77D6CE9A-4B12-46BE-8561-72E62BA4C6BB}.Debug|x86.Deploy.0 = Debug|x86
		{77D6CE9A-4B12-46BE-8561-72E62BA4C6BB}.Release|Any CPU.ActiveCfg = Release|x86
		{77D6CE9A-4B12-46BE-8561-72E62BA4C6BB}.Release|Any CPU.Build.0 = Release|x86
		{77D6CE9A-4B12-46BE-8561-72E62BA4C6BB}.Release|Any CPU.Deploy.0 = Release|x86
		{77D6CE9A-4B12-46BE-8561-72E62BA4C6BB}.Release|ARM.ActiveCfg = Release|ARM
		{77D6CE9A-4B12-46BE-8561-72E62BA4C6BB}.Release|ARM.Build.0 = Release|ARM
		{77D6CE9A-4B12-46BE-8561-72E62BA4C6BB}.Release|ARM.Deploy.0 = Release|ARM
		{77D6CE9A-4B12-46BE-8561-72E62BA4C6BB}.Release|iPhone.ActiveCfg = Release|x86
		{77D6CE9A-4B12-46BE-8561-72E62BA4C6BB}.Release|iPhone.Build.0 = Release|x86
		{77D6CE9A-4B12-46BE-8561-72E62BA4C6BB}.Release|iPhone.Deploy.0 = Release|x86
		{77D6CE9A-4B12-46BE-8561-72E62BA4C6BB}.Release|iPhoneSimulator.ActiveCfg = Release|x86
		{77D6CE9A-4B12-46BE-8561-72E62BA4C6BB}.Release|iPhoneSimulator.Build.0 = Release|x86
		{77D6CE9A-4B12-46BE-8561-72E62BA4C6BB}.Release|iPhoneSimulator.Deploy.0 = Release|x86
		{77D6CE9A-4B12-46BE-8561-72E62BA4C6BB}.Release|x64.ActiveCfg = Release|x64
		{77D6CE9A-4B12-46BE-8561-72E62BA4C6BB}.Release|x64.Build.0 = Release|x64
		{77D6CE9A-4B12-46BE-8561-72E62BA4C6BB}.Release|x64.Deploy.0 = Release|x64
		{77D6CE9A-4B12-46BE-8561-72E62BA4C6BB}.Release|x86.ActiveCfg = Release|x86
		{77D6CE9A-4B12-46BE-8561-72E62BA4C6BB}.Release|x86.Build.0 = Release|x86
		{77D6CE9A-4B12-46BE-8561-72E62BA4C6BB}.Release|x86.Deploy.0 = Release|x86
		{1E53C8FE-A858-443E-979A-79F1F5B2CE12}.Ad-Hoc|Any CPU.ActiveCfg = Release|Any CPU
		{1E53C8FE-A858-443E-979A-79F1F5B2CE12}.Ad-Hoc|Any CPU.Build.0 = Release|Any CPU
		{1E53C8FE-A858-443E-979A-79F1F5B2CE12}.Ad-Hoc|Any CPU.Deploy.0 = Release|Any CPU
		{1E53C8FE-A858-443E-979A-79F1F5B2CE12}.Ad-Hoc|ARM.ActiveCfg = Release|Any CPU
		{1E53C8FE-A858-443E-979A-79F1F5B2CE12}.Ad-Hoc|ARM.Build.0 = Release|Any CPU
		{1E53C8FE-A858-443E-979A-79F1F5B2CE12}.Ad-Hoc|ARM.Deploy.0 = Release|Any CPU
		{1E53C8FE-A858-443E-979A-79F1F5B2CE12}.Ad-Hoc|iPhone.ActiveCfg = Release|Any CPU
		{1E53C8FE-A858-443E-979A-79F1F5B2CE12}.Ad-Hoc|iPhone.Build.0 = Release|Any CPU
		{1E53C8FE-A858-443E-979A-79F1F5B2CE12}.Ad-Hoc|iPhone.Deploy.0 = Release|Any CPU
		{1E53C8FE-A858-443E-979A-79F1F5B2CE12}.Ad-Hoc|iPhoneSimulator.ActiveCfg = Release|Any CPU
		{1E53C8FE-A858-443E-979A-79F1F5B2CE12}.Ad-Hoc|iPhoneSimulator.Build.0 = Release|Any CPU
		{1E53C8FE-A858-443E-979A-79F1F5B2CE12}.Ad-Hoc|iPhoneSimulator.Deploy.0 = Release|Any CPU
		{1E53C8FE-A858-443E-979A-79F1F5B2CE12}.Ad-Hoc|x64.ActiveCfg = Release|Any CPU
		{1E53C8FE-A858-443E-979A-79F1F5B2CE12}.Ad-Hoc|x64.Build.0 = Release|Any CPU
		{1E53C8FE-A858-443E-979A-79F1F5B2CE12}.Ad-Hoc|x64.Deploy.0 = Release|Any CPU
		{1E53C8FE-A858-443E-979A-79F1F5B2CE12}.Ad-Hoc|x86.ActiveCfg = Release|Any CPU
		{1E53C8FE-A858-443E-979A-79F1F5B2CE12}.Ad-Hoc|x86.Build.0 = Release|Any CPU
		{1E53C8FE-A858-443E-979A-79F1F5B2CE12}.Ad-Hoc|x86.Deploy.0 = Release|Any CPU
		{1E53C8FE-A858-443E-979A-79F1F5B2CE12}.AppStore|Any CPU.ActiveCfg = Release|Any CPU
		{1E53C8FE-A858-443E-979A-79F1F5B2CE12}.AppStore|Any CPU.Build.0 = Release|Any CPU
		{1E53C8FE-A858-443E-979A-79F1F5B2CE12}.AppStore|Any CPU.Deploy.0 = Release|Any CPU
		{1E53C8FE-A858-443E-979A-79F1F5B2CE12}.AppStore|ARM.ActiveCfg = Release|Any CPU
		{1E53C8FE-A858-443E-979A-79F1F5B2CE12}.AppStore|ARM.Build.0 = Release|Any CPU
		{1E53C8FE-A858-443E-979A-79F1F5B2CE12}.AppStore|ARM.Deploy.0 = Release|Any CPU
		{1E53C8FE-A858-443E-979A-79F1F5B2CE12}.AppStore|iPhone.ActiveCfg = Release|Any CPU
		{1E53C8FE-A858-443E-979A-79F1F5B2CE12}.AppStore|iPhone.Build.0 = Release|Any CPU
		{1E53C8FE-A858-443E-979A-79F1F5B2CE12}.AppStore|iPhone.Deploy.0 = Release|Any CPU
		{1E53C8FE-A858-443E-979A-79F1F5B2CE12}.AppStore|iPhoneSimulator.ActiveCfg = Release|Any CPU
		{1E53C8FE-A858-443E-979A-79F1F5B2CE12}.AppStore|iPhoneSimulator.Build.0 = Release|Any CPU
		{1E53C8FE-A858-443E-979A-79F1F5B2CE12}.AppStore|iPhoneSimulator.Deploy.0 = Release|Any CPU
		{1E53C8FE-A858-443E-979A-79F1F5B2CE12}.AppStore|x64.ActiveCfg = Release|Any CPU
		{1E53C8FE-A858-443E-979A-79F1F5B2CE12}.AppStore|x64.Build.0 = Release|Any CPU
		{1E53C8FE-A858-443E-979A-79F1F5B2CE12}.AppStore|x64.Deploy.0 = Release|Any CPU
		{1E53C8FE-A858-443E-979A-79F1F5B2CE12}.AppStore|x86.ActiveCfg = Release|Any CPU
		{1E53C8FE-A858-443E-979A-79F1F5B2CE12}.AppStore|x86.Build.0 = Release|Any CPU
		{1E53C8FE-A858-443E-979A-79F1F5B2CE12}.AppStore|x86.Deploy.0 = Release|Any CPU
		{1E53C8FE-A858-443E-979A-79F1F5B2CE12}.Debug|Any CPU.ActiveCfg = Debug|Any CPU
		{1E53C8FE-A858-443E-979A-79F1F5B2CE12}.Debug|Any CPU.Build.0 = Debug|Any CPU
		{1E53C8FE-A858-443E-979A-79F1F5B2CE12}.Debug|Any CPU.Deploy.0 = Debug|Any CPU
		{1E53C8FE-A858-443E-979A-79F1F5B2CE12}.Debug|ARM.ActiveCfg = Debug|Any CPU
		{1E53C8FE-A858-443E-979A-79F1F5B2CE12}.Debug|ARM.Build.0 = Debug|Any CPU
		{1E53C8FE-A858-443E-979A-79F1F5B2CE12}.Debug|ARM.Deploy.0 = Debug|Any CPU
		{1E53C8FE-A858-443E-979A-79F1F5B2CE12}.Debug|iPhone.ActiveCfg = Debug|Any CPU
		{1E53C8FE-A858-443E-979A-79F1F5B2CE12}.Debug|iPhone.Build.0 = Debug|Any CPU
		{1E53C8FE-A858-443E-979A-79F1F5B2CE12}.Debug|iPhone.Deploy.0 = Debug|Any CPU
		{1E53C8FE-A858-443E-979A-79F1F5B2CE12}.Debug|iPhoneSimulator.ActiveCfg = Debug|Any CPU
		{1E53C8FE-A858-443E-979A-79F1F5B2CE12}.Debug|iPhoneSimulator.Build.0 = Debug|Any CPU
		{1E53C8FE-A858-443E-979A-79F1F5B2CE12}.Debug|iPhoneSimulator.Deploy.0 = Debug|Any CPU
		{1E53C8FE-A858-443E-979A-79F1F5B2CE12}.Debug|x64.ActiveCfg = Debug|Any CPU
		{1E53C8FE-A858-443E-979A-79F1F5B2CE12}.Debug|x64.Build.0 = Debug|Any CPU
		{1E53C8FE-A858-443E-979A-79F1F5B2CE12}.Debug|x64.Deploy.0 = Debug|Any CPU
		{1E53C8FE-A858-443E-979A-79F1F5B2CE12}.Debug|x86.ActiveCfg = Debug|Any CPU
		{1E53C8FE-A858-443E-979A-79F1F5B2CE12}.Debug|x86.Build.0 = Debug|Any CPU
		{1E53C8FE-A858-443E-979A-79F1F5B2CE12}.Debug|x86.Deploy.0 = Debug|Any CPU
		{1E53C8FE-A858-443E-979A-79F1F5B2CE12}.Release|Any CPU.ActiveCfg = Release|Any CPU
		{1E53C8FE-A858-443E-979A-79F1F5B2CE12}.Release|Any CPU.Build.0 = Release|Any CPU
		{1E53C8FE-A858-443E-979A-79F1F5B2CE12}.Release|Any CPU.Deploy.0 = Release|Any CPU
		{1E53C8FE-A858-443E-979A-79F1F5B2CE12}.Release|ARM.ActiveCfg = Release|Any CPU
		{1E53C8FE-A858-443E-979A-79F1F5B2CE12}.Release|ARM.Build.0 = Release|Any CPU
		{1E53C8FE-A858-443E-979A-79F1F5B2CE12}.Release|ARM.Deploy.0 = Release|Any CPU
		{1E53C8FE-A858-443E-979A-79F1F5B2CE12}.Release|iPhone.ActiveCfg = Release|Any CPU
		{1E53C8FE-A858-443E-979A-79F1F5B2CE12}.Release|iPhone.Build.0 = Release|Any CPU
		{1E53C8FE-A858-443E-979A-79F1F5B2CE12}.Release|iPhone.Deploy.0 = Release|Any CPU
		{1E53C8FE-A858-443E-979A-79F1F5B2CE12}.Release|iPhoneSimulator.ActiveCfg = Release|Any CPU
		{1E53C8FE-A858-443E-979A-79F1F5B2CE12}.Release|iPhoneSimulator.Build.0 = Release|Any CPU
		{1E53C8FE-A858-443E-979A-79F1F5B2CE12}.Release|iPhoneSimulator.Deploy.0 = Release|Any CPU
		{1E53C8FE-A858-443E-979A-79F1F5B2CE12}.Release|x64.ActiveCfg = Release|Any CPU
		{1E53C8FE-A858-443E-979A-79F1F5B2CE12}.Release|x64.Build.0 = Release|Any CPU
		{1E53C8FE-A858-443E-979A-79F1F5B2CE12}.Release|x64.Deploy.0 = Release|Any CPU
		{1E53C8FE-A858-443E-979A-79F1F5B2CE12}.Release|x86.ActiveCfg = Release|Any CPU
		{1E53C8FE-A858-443E-979A-79F1F5B2CE12}.Release|x86.Build.0 = Release|Any CPU
		{1E53C8FE-A858-443E-979A-79F1F5B2CE12}.Release|x86.Deploy.0 = Release|Any CPU
		{ADC1C573-5C5A-4E9F-8B76-F2F71F40BCA2}.Ad-Hoc|Any CPU.ActiveCfg = Ad-Hoc|iPhone
		{ADC1C573-5C5A-4E9F-8B76-F2F71F40BCA2}.Ad-Hoc|Any CPU.Build.0 = Ad-Hoc|iPhone
		{ADC1C573-5C5A-4E9F-8B76-F2F71F40BCA2}.Ad-Hoc|Any CPU.Deploy.0 = Ad-Hoc|iPhone
		{ADC1C573-5C5A-4E9F-8B76-F2F71F40BCA2}.Ad-Hoc|ARM.ActiveCfg = Ad-Hoc|iPhone
		{ADC1C573-5C5A-4E9F-8B76-F2F71F40BCA2}.Ad-Hoc|ARM.Build.0 = Ad-Hoc|iPhone
		{ADC1C573-5C5A-4E9F-8B76-F2F71F40BCA2}.Ad-Hoc|ARM.Deploy.0 = Ad-Hoc|iPhone
		{ADC1C573-5C5A-4E9F-8B76-F2F71F40BCA2}.Ad-Hoc|iPhone.ActiveCfg = Ad-Hoc|iPhone
		{ADC1C573-5C5A-4E9F-8B76-F2F71F40BCA2}.Ad-Hoc|iPhone.Build.0 = Ad-Hoc|iPhone
		{ADC1C573-5C5A-4E9F-8B76-F2F71F40BCA2}.Ad-Hoc|iPhone.Deploy.0 = Ad-Hoc|iPhone
		{ADC1C573-5C5A-4E9F-8B76-F2F71F40BCA2}.Ad-Hoc|iPhoneSimulator.ActiveCfg = Ad-Hoc|iPhoneSimulator
		{ADC1C573-5C5A-4E9F-8B76-F2F71F40BCA2}.Ad-Hoc|iPhoneSimulator.Build.0 = Ad-Hoc|iPhoneSimulator
		{ADC1C573-5C5A-4E9F-8B76-F2F71F40BCA2}.Ad-Hoc|iPhoneSimulator.Deploy.0 = Ad-Hoc|iPhoneSimulator
		{ADC1C573-5C5A-4E9F-8B76-F2F71F40BCA2}.Ad-Hoc|x64.ActiveCfg = Ad-Hoc|iPhone
		{ADC1C573-5C5A-4E9F-8B76-F2F71F40BCA2}.Ad-Hoc|x64.Build.0 = Ad-Hoc|iPhone
		{ADC1C573-5C5A-4E9F-8B76-F2F71F40BCA2}.Ad-Hoc|x64.Deploy.0 = Ad-Hoc|iPhone
		{ADC1C573-5C5A-4E9F-8B76-F2F71F40BCA2}.Ad-Hoc|x86.ActiveCfg = Ad-Hoc|iPhone
		{ADC1C573-5C5A-4E9F-8B76-F2F71F40BCA2}.Ad-Hoc|x86.Build.0 = Ad-Hoc|iPhone
		{ADC1C573-5C5A-4E9F-8B76-F2F71F40BCA2}.Ad-Hoc|x86.Deploy.0 = Ad-Hoc|iPhone
		{ADC1C573-5C5A-4E9F-8B76-F2F71F40BCA2}.AppStore|Any CPU.ActiveCfg = AppStore|iPhone
		{ADC1C573-5C5A-4E9F-8B76-F2F71F40BCA2}.AppStore|Any CPU.Build.0 = AppStore|iPhone
		{ADC1C573-5C5A-4E9F-8B76-F2F71F40BCA2}.AppStore|Any CPU.Deploy.0 = AppStore|iPhone
		{ADC1C573-5C5A-4E9F-8B76-F2F71F40BCA2}.AppStore|ARM.ActiveCfg = AppStore|iPhone
		{ADC1C573-5C5A-4E9F-8B76-F2F71F40BCA2}.AppStore|ARM.Build.0 = AppStore|iPhone
		{ADC1C573-5C5A-4E9F-8B76-F2F71F40BCA2}.AppStore|ARM.Deploy.0 = AppStore|iPhone
		{ADC1C573-5C5A-4E9F-8B76-F2F71F40BCA2}.AppStore|iPhone.ActiveCfg = AppStore|iPhone
		{ADC1C573-5C5A-4E9F-8B76-F2F71F40BCA2}.AppStore|iPhone.Build.0 = AppStore|iPhone
		{ADC1C573-5C5A-4E9F-8B76-F2F71F40BCA2}.AppStore|iPhone.Deploy.0 = AppStore|iPhone
		{ADC1C573-5C5A-4E9F-8B76-F2F71F40BCA2}.AppStore|iPhoneSimulator.ActiveCfg = AppStore|iPhoneSimulator
		{ADC1C573-5C5A-4E9F-8B76-F2F71F40BCA2}.AppStore|iPhoneSimulator.Build.0 = AppStore|iPhoneSimulator
		{ADC1C573-5C5A-4E9F-8B76-F2F71F40BCA2}.AppStore|iPhoneSimulator.Deploy.0 = AppStore|iPhoneSimulator
		{ADC1C573-5C5A-4E9F-8B76-F2F71F40BCA2}.AppStore|x64.ActiveCfg = AppStore|iPhone
		{ADC1C573-5C5A-4E9F-8B76-F2F71F40BCA2}.AppStore|x64.Build.0 = AppStore|iPhone
		{ADC1C573-5C5A-4E9F-8B76-F2F71F40BCA2}.AppStore|x64.Deploy.0 = AppStore|iPhone
		{ADC1C573-5C5A-4E9F-8B76-F2F71F40BCA2}.AppStore|x86.ActiveCfg = AppStore|iPhone
		{ADC1C573-5C5A-4E9F-8B76-F2F71F40BCA2}.AppStore|x86.Build.0 = AppStore|iPhone
		{ADC1C573-5C5A-4E9F-8B76-F2F71F40BCA2}.AppStore|x86.Deploy.0 = AppStore|iPhone
		{ADC1C573-5C5A-4E9F-8B76-F2F71F40BCA2}.Debug|Any CPU.ActiveCfg = Debug|iPhone
		{ADC1C573-5C5A-4E9F-8B76-F2F71F40BCA2}.Debug|Any CPU.Build.0 = Debug|iPhone
		{ADC1C573-5C5A-4E9F-8B76-F2F71F40BCA2}.Debug|Any CPU.Deploy.0 = Debug|iPhone
		{ADC1C573-5C5A-4E9F-8B76-F2F71F40BCA2}.Debug|ARM.ActiveCfg = Debug|iPhoneSimulator
		{ADC1C573-5C5A-4E9F-8B76-F2F71F40BCA2}.Debug|ARM.Build.0 = Debug|iPhoneSimulator
		{ADC1C573-5C5A-4E9F-8B76-F2F71F40BCA2}.Debug|ARM.Deploy.0 = Debug|iPhoneSimulator
		{ADC1C573-5C5A-4E9F-8B76-F2F71F40BCA2}.Debug|iPhone.ActiveCfg = Debug|iPhone
		{ADC1C573-5C5A-4E9F-8B76-F2F71F40BCA2}.Debug|iPhone.Build.0 = Debug|iPhone
		{ADC1C573-5C5A-4E9F-8B76-F2F71F40BCA2}.Debug|iPhone.Deploy.0 = Debug|iPhone
		{ADC1C573-5C5A-4E9F-8B76-F2F71F40BCA2}.Debug|iPhoneSimulator.ActiveCfg = Debug|iPhoneSimulator
		{ADC1C573-5C5A-4E9F-8B76-F2F71F40BCA2}.Debug|iPhoneSimulator.Build.0 = Debug|iPhoneSimulator
		{ADC1C573-5C5A-4E9F-8B76-F2F71F40BCA2}.Debug|iPhoneSimulator.Deploy.0 = Debug|iPhoneSimulator
		{ADC1C573-5C5A-4E9F-8B76-F2F71F40BCA2}.Debug|x64.ActiveCfg = Debug|iPhone
		{ADC1C573-5C5A-4E9F-8B76-F2F71F40BCA2}.Debug|x64.Build.0 = Debug|iPhone
		{ADC1C573-5C5A-4E9F-8B76-F2F71F40BCA2}.Debug|x64.Deploy.0 = Debug|iPhone
		{ADC1C573-5C5A-4E9F-8B76-F2F71F40BCA2}.Debug|x86.ActiveCfg = Debug|iPhone
		{ADC1C573-5C5A-4E9F-8B76-F2F71F40BCA2}.Debug|x86.Build.0 = Debug|iPhone
		{ADC1C573-5C5A-4E9F-8B76-F2F71F40BCA2}.Debug|x86.Deploy.0 = Debug|iPhone
		{ADC1C573-5C5A-4E9F-8B76-F2F71F40BCA2}.Release|Any CPU.ActiveCfg = Release|iPhone
		{ADC1C573-5C5A-4E9F-8B76-F2F71F40BCA2}.Release|Any CPU.Build.0 = Release|iPhone
		{ADC1C573-5C5A-4E9F-8B76-F2F71F40BCA2}.Release|Any CPU.Deploy.0 = Release|iPhone
		{ADC1C573-5C5A-4E9F-8B76-F2F71F40BCA2}.Release|ARM.ActiveCfg = Release|iPhone
		{ADC1C573-5C5A-4E9F-8B76-F2F71F40BCA2}.Release|ARM.Build.0 = Release|iPhone
		{ADC1C573-5C5A-4E9F-8B76-F2F71F40BCA2}.Release|ARM.Deploy.0 = Release|iPhone
		{ADC1C573-5C5A-4E9F-8B76-F2F71F40BCA2}.Release|iPhone.ActiveCfg = Release|iPhone
		{ADC1C573-5C5A-4E9F-8B76-F2F71F40BCA2}.Release|iPhone.Build.0 = Release|iPhone
		{ADC1C573-5C5A-4E9F-8B76-F2F71F40BCA2}.Release|iPhone.Deploy.0 = Release|iPhone
		{ADC1C573-5C5A-4E9F-8B76-F2F71F40BCA2}.Release|iPhoneSimulator.ActiveCfg = Release|iPhoneSimulator
		{ADC1C573-5C5A-4E9F-8B76-F2F71F40BCA2}.Release|iPhoneSimulator.Build.0 = Release|iPhoneSimulator
		{ADC1C573-5C5A-4E9F-8B76-F2F71F40BCA2}.Release|iPhoneSimulator.Deploy.0 = Release|iPhoneSimulator
		{ADC1C573-5C5A-4E9F-8B76-F2F71F40BCA2}.Release|x64.ActiveCfg = Release|iPhone
		{ADC1C573-5C5A-4E9F-8B76-F2F71F40BCA2}.Release|x64.Build.0 = Release|iPhone
		{ADC1C573-5C5A-4E9F-8B76-F2F71F40BCA2}.Release|x64.Deploy.0 = Release|iPhone
		{ADC1C573-5C5A-4E9F-8B76-F2F71F40BCA2}.Release|x86.ActiveCfg = Release|iPhone
		{ADC1C573-5C5A-4E9F-8B76-F2F71F40BCA2}.Release|x86.Build.0 = Release|iPhone
		{ADC1C573-5C5A-4E9F-8B76-F2F71F40BCA2}.Release|x86.Deploy.0 = Release|iPhone
		{190E4F44-59CF-4FFE-B471-9A8711B5AE4F}.Ad-Hoc|Any CPU.ActiveCfg = Debug|Any CPU
		{190E4F44-59CF-4FFE-B471-9A8711B5AE4F}.Ad-Hoc|Any CPU.Build.0 = Debug|Any CPU
		{190E4F44-59CF-4FFE-B471-9A8711B5AE4F}.Ad-Hoc|Any CPU.Deploy.0 = Debug|Any CPU
		{190E4F44-59CF-4FFE-B471-9A8711B5AE4F}.Ad-Hoc|ARM.ActiveCfg = Debug|Any CPU
		{190E4F44-59CF-4FFE-B471-9A8711B5AE4F}.Ad-Hoc|ARM.Build.0 = Debug|Any CPU
		{190E4F44-59CF-4FFE-B471-9A8711B5AE4F}.Ad-Hoc|ARM.Deploy.0 = Debug|Any CPU
		{190E4F44-59CF-4FFE-B471-9A8711B5AE4F}.Ad-Hoc|iPhone.ActiveCfg = Debug|Any CPU
		{190E4F44-59CF-4FFE-B471-9A8711B5AE4F}.Ad-Hoc|iPhone.Build.0 = Debug|Any CPU
		{190E4F44-59CF-4FFE-B471-9A8711B5AE4F}.Ad-Hoc|iPhone.Deploy.0 = Debug|Any CPU
		{190E4F44-59CF-4FFE-B471-9A8711B5AE4F}.Ad-Hoc|iPhoneSimulator.ActiveCfg = Debug|Any CPU
		{190E4F44-59CF-4FFE-B471-9A8711B5AE4F}.Ad-Hoc|iPhoneSimulator.Build.0 = Debug|Any CPU
		{190E4F44-59CF-4FFE-B471-9A8711B5AE4F}.Ad-Hoc|iPhoneSimulator.Deploy.0 = Debug|Any CPU
		{190E4F44-59CF-4FFE-B471-9A8711B5AE4F}.Ad-Hoc|x64.ActiveCfg = Debug|Any CPU
		{190E4F44-59CF-4FFE-B471-9A8711B5AE4F}.Ad-Hoc|x64.Build.0 = Debug|Any CPU
		{190E4F44-59CF-4FFE-B471-9A8711B5AE4F}.Ad-Hoc|x64.Deploy.0 = Debug|Any CPU
		{190E4F44-59CF-4FFE-B471-9A8711B5AE4F}.Ad-Hoc|x86.ActiveCfg = Debug|Any CPU
		{190E4F44-59CF-4FFE-B471-9A8711B5AE4F}.Ad-Hoc|x86.Build.0 = Debug|Any CPU
		{190E4F44-59CF-4FFE-B471-9A8711B5AE4F}.Ad-Hoc|x86.Deploy.0 = Debug|Any CPU
		{190E4F44-59CF-4FFE-B471-9A8711B5AE4F}.AppStore|Any CPU.ActiveCfg = Debug|Any CPU
		{190E4F44-59CF-4FFE-B471-9A8711B5AE4F}.AppStore|Any CPU.Build.0 = Debug|Any CPU
		{190E4F44-59CF-4FFE-B471-9A8711B5AE4F}.AppStore|Any CPU.Deploy.0 = Debug|Any CPU
		{190E4F44-59CF-4FFE-B471-9A8711B5AE4F}.AppStore|ARM.ActiveCfg = Debug|Any CPU
		{190E4F44-59CF-4FFE-B471-9A8711B5AE4F}.AppStore|ARM.Build.0 = Debug|Any CPU
		{190E4F44-59CF-4FFE-B471-9A8711B5AE4F}.AppStore|ARM.Deploy.0 = Debug|Any CPU
		{190E4F44-59CF-4FFE-B471-9A8711B5AE4F}.AppStore|iPhone.ActiveCfg = Debug|Any CPU
		{190E4F44-59CF-4FFE-B471-9A8711B5AE4F}.AppStore|iPhone.Build.0 = Debug|Any CPU
		{190E4F44-59CF-4FFE-B471-9A8711B5AE4F}.AppStore|iPhone.Deploy.0 = Debug|Any CPU
		{190E4F44-59CF-4FFE-B471-9A8711B5AE4F}.AppStore|iPhoneSimulator.ActiveCfg = Debug|Any CPU
		{190E4F44-59CF-4FFE-B471-9A8711B5AE4F}.AppStore|iPhoneSimulator.Build.0 = Debug|Any CPU
		{190E4F44-59CF-4FFE-B471-9A8711B5AE4F}.AppStore|iPhoneSimulator.Deploy.0 = Debug|Any CPU
		{190E4F44-59CF-4FFE-B471-9A8711B5AE4F}.AppStore|x64.ActiveCfg = Debug|Any CPU
		{190E4F44-59CF-4FFE-B471-9A8711B5AE4F}.AppStore|x64.Build.0 = Debug|Any CPU
		{190E4F44-59CF-4FFE-B471-9A8711B5AE4F}.AppStore|x64.Deploy.0 = Debug|Any CPU
		{190E4F44-59CF-4FFE-B471-9A8711B5AE4F}.AppStore|x86.ActiveCfg = Debug|Any CPU
		{190E4F44-59CF-4FFE-B471-9A8711B5AE4F}.AppStore|x86.Build.0 = Debug|Any CPU
		{190E4F44-59CF-4FFE-B471-9A8711B5AE4F}.AppStore|x86.Deploy.0 = Debug|Any CPU
		{190E4F44-59CF-4FFE-B471-9A8711B5AE4F}.Debug|Any CPU.ActiveCfg = Debug|Any CPU
		{190E4F44-59CF-4FFE-B471-9A8711B5AE4F}.Debug|Any CPU.Build.0 = Debug|Any CPU
		{190E4F44-59CF-4FFE-B471-9A8711B5AE4F}.Debug|Any CPU.Deploy.0 = Debug|Any CPU
		{190E4F44-59CF-4FFE-B471-9A8711B5AE4F}.Debug|ARM.ActiveCfg = Debug|Any CPU
		{190E4F44-59CF-4FFE-B471-9A8711B5AE4F}.Debug|ARM.Build.0 = Debug|Any CPU
		{190E4F44-59CF-4FFE-B471-9A8711B5AE4F}.Debug|ARM.Deploy.0 = Debug|Any CPU
		{190E4F44-59CF-4FFE-B471-9A8711B5AE4F}.Debug|iPhone.ActiveCfg = Debug|Any CPU
		{190E4F44-59CF-4FFE-B471-9A8711B5AE4F}.Debug|iPhone.Build.0 = Debug|Any CPU
		{190E4F44-59CF-4FFE-B471-9A8711B5AE4F}.Debug|iPhone.Deploy.0 = Debug|Any CPU
		{190E4F44-59CF-4FFE-B471-9A8711B5AE4F}.Debug|iPhoneSimulator.ActiveCfg = Debug|Any CPU
		{190E4F44-59CF-4FFE-B471-9A8711B5AE4F}.Debug|iPhoneSimulator.Build.0 = Debug|Any CPU
		{190E4F44-59CF-4FFE-B471-9A8711B5AE4F}.Debug|iPhoneSimulator.Deploy.0 = Debug|Any CPU
		{190E4F44-59CF-4FFE-B471-9A8711B5AE4F}.Debug|x64.ActiveCfg = Debug|Any CPU
		{190E4F44-59CF-4FFE-B471-9A8711B5AE4F}.Debug|x64.Build.0 = Debug|Any CPU
		{190E4F44-59CF-4FFE-B471-9A8711B5AE4F}.Debug|x64.Deploy.0 = Debug|Any CPU
		{190E4F44-59CF-4FFE-B471-9A8711B5AE4F}.Debug|x86.ActiveCfg = Debug|Any CPU
		{190E4F44-59CF-4FFE-B471-9A8711B5AE4F}.Debug|x86.Build.0 = Debug|Any CPU
		{190E4F44-59CF-4FFE-B471-9A8711B5AE4F}.Debug|x86.Deploy.0 = Debug|Any CPU
		{190E4F44-59CF-4FFE-B471-9A8711B5AE4F}.Release|Any CPU.ActiveCfg = Release|Any CPU
		{190E4F44-59CF-4FFE-B471-9A8711B5AE4F}.Release|Any CPU.Build.0 = Release|Any CPU
		{190E4F44-59CF-4FFE-B471-9A8711B5AE4F}.Release|Any CPU.Deploy.0 = Release|Any CPU
		{190E4F44-59CF-4FFE-B471-9A8711B5AE4F}.Release|ARM.ActiveCfg = Release|Any CPU
		{190E4F44-59CF-4FFE-B471-9A8711B5AE4F}.Release|ARM.Build.0 = Release|Any CPU
		{190E4F44-59CF-4FFE-B471-9A8711B5AE4F}.Release|ARM.Deploy.0 = Release|Any CPU
		{190E4F44-59CF-4FFE-B471-9A8711B5AE4F}.Release|iPhone.ActiveCfg = Release|Any CPU
		{190E4F44-59CF-4FFE-B471-9A8711B5AE4F}.Release|iPhone.Build.0 = Release|Any CPU
		{190E4F44-59CF-4FFE-B471-9A8711B5AE4F}.Release|iPhone.Deploy.0 = Release|Any CPU
		{190E4F44-59CF-4FFE-B471-9A8711B5AE4F}.Release|iPhoneSimulator.ActiveCfg = Release|Any CPU
		{190E4F44-59CF-4FFE-B471-9A8711B5AE4F}.Release|iPhoneSimulator.Build.0 = Release|Any CPU
		{190E4F44-59CF-4FFE-B471-9A8711B5AE4F}.Release|iPhoneSimulator.Deploy.0 = Release|Any CPU
		{190E4F44-59CF-4FFE-B471-9A8711B5AE4F}.Release|x64.ActiveCfg = Release|Any CPU
		{190E4F44-59CF-4FFE-B471-9A8711B5AE4F}.Release|x64.Build.0 = Release|Any CPU
		{190E4F44-59CF-4FFE-B471-9A8711B5AE4F}.Release|x64.Deploy.0 = Release|Any CPU
		{190E4F44-59CF-4FFE-B471-9A8711B5AE4F}.Release|x86.ActiveCfg = Release|Any CPU
		{190E4F44-59CF-4FFE-B471-9A8711B5AE4F}.Release|x86.Build.0 = Release|Any CPU
		{190E4F44-59CF-4FFE-B471-9A8711B5AE4F}.Release|x86.Deploy.0 = Release|Any CPU
	EndGlobalSection
	GlobalSection(SolutionProperties) = preSolution
		HideSolutionNode = FALSE
	EndGlobalSection
	GlobalSection(ExtensibilityGlobals) = postSolution
		SolutionGuid = {ADC198B8-CCAA-41A1-B54E-3F661FF77149}
	EndGlobalSection
EndGlobal
